{
  "name": "vk2discord",
  "version": "1.6.0",
  "lockfileVersion": 1,
  "requires": true,
  "dependencies": {
    "fs": {
      "version": "0.0.1-security",
      "resolved": "https://registry.npmjs.org/fs/-/fs-0.0.1-security.tgz",
      "integrity": "sha1-invTcYa23d84E/I4WLV+yq9eQdQ="
    },
    "middleware-io": {
      "version": "2.4.0",
      "resolved": "https://registry.npmjs.org/middleware-io/-/middleware-io-2.4.0.tgz",
      "integrity": "sha512-pzK7Eg5ZlDesrgThEce4jhl0TJfU6ZTH8TZRKUSnWiN2yMmTSw6/EHpqQOm/g/YzkE83yH9rC3PqN+oPHQox5w=="
    },
    "node-fetch": {
      "version": "2.6.0",
      "resolved": "https://registry.npmjs.org/node-fetch/-/node-fetch-2.6.0.tgz",
      "integrity": "sha512-8dG4H5ujfvFiqDmVu9fQ5bOHUC15JMjMY/Zumv26oOvvVJjM67KF8koCWIabKQ1GJIa9r2mMZscBq/TbdOcmNA=="
    },
    "sandwich-stream": {
      "version": "2.0.2",
      "resolved": "https://registry.npmjs.org/sandwich-stream/-/sandwich-stream-2.0.2.tgz",
      "integrity": "sha512-jLYV0DORrzY3xaz/S9ydJL6Iz7essZeAfnAavsJ+zsJGZ1MOnsS52yRjU3uF3pJa/lla7+wisp//fxOwOH8SKQ=="
    },
    "snekfetch": {
      "version": "3.6.4",
      "resolved": "https://registry.npmjs.org/snekfetch/-/snekfetch-3.6.4.tgz",
      "integrity": "sha512-NjxjITIj04Ffqid5lqr7XdgwM7X61c/Dns073Ly170bPQHLm6jkmelye/eglS++1nfTWktpP6Y2bFXjdPlQqdw=="
    },
    "vk-io": {
      "version": "4.0.0-rc.30",
      "resolved": "https://registry.npmjs.org/vk-io/-/vk-io-4.0.0-rc.30.tgz",
      "integrity": "sha512-ijdXtwpRX4SSA2FZn1QkaC3OTbB88sQFIRqP3+csIW7SuxzP+hSYn7XsQZMRVMncI5IwOTCR7fabPpQtNPHqfA==",
      "requires": {
        "debug": "^4.1.1",
        "middleware-io": "^2.1.0",
        "node-fetch": "^2.6.0",
        "sandwich-stream": "^2.0.2"
      },
      "dependencies": {
        "debug": {
          "version": "4.1.1",
          "resolved": "https://registry.npmjs.org/debug/-/debug-4.1.1.tgz",
          "integrity": "sha512-pYAIzeRo8J6KPEaJ0VWOh5Pzkbw/RetuzehGM7QRRX5he4fPHx2rdKMB256ehJCkX+XRQm16eZLqLNS8RSZXZw==",
          "requires": {
            "ms": "^2.1.1"
          }
        },
        "ms": {
          "version": "2.1.2",
          "resolved": "https://registry.npmjs.org/ms/-/ms-2.1.2.tgz",
          "integrity": "sha512-sGkPx+VjMtmA6MX27oA4FBFELFCZZ4S4XqeGOXCv68tT+jb3vk/RyaKWP0PTKyWtmLSM0b+adUTEvbs1PEaH2w=="
        }
      }
    },
    "webhook-discord": {
      "version": "3.5.1",
      "resolved": "https://registry.npmjs.org/webhook-discord/-/webhook-discord-3.5.1.tgz",
      "integrity": "sha512-kktwGzj9e/v7aBhtb9rN1ZZY0EADxQFX7a1p2v9tatrBBS21oh/xiKzDd3fk/NdxdSQ0eIErrL2bHbMfunJspA==",
      "requires": {
        "snekfetch": "^3.6.4"
      }
    }
  }
}
